<?xml version="1.0" encoding="utf-8"?>
<Project ToolsVersion="4.0" xmlns="http://schemas.microsoft.com/developer/msbuild/2003">
  <ItemGroup>
    <ClCompile Include="src\cnc\mods\common\dllmain.cpp" />
    <ClCompile Include="src\cnc\mods\common\stdafx.cpp" />
    <ClCompile Include="src\cnc\mods\common\mod_chooser_load_screen.cpp">
      <Filter>LoadScreens</Filter>
    </ClCompile>
    <ClCompile Include="src\cnc\mods\common\background_widget.cpp">
      <Filter>Widgets</Filter>
    </ClCompile>
    <ClCompile Include="src\cnc\mods\common\label_widget.cpp">
      <Filter>Widgets</Filter>
    </ClCompile>
    <ClCompile Include="src\cnc\mods\common\image_widget.cpp">
      <Filter>Widgets</Filter>
    </ClCompile>
    <ClCompile Include="src\cnc\mods\common\tooltip_container_widget.cpp">
      <Filter>Widgets</Filter>
    </ClCompile>
    <ClCompile Include="src\cnc\mods\common\button_widget.cpp">
      <Filter>Widgets</Filter>
    </ClCompile>
    <ClCompile Include="src\cnc\mods\common\rgba_sprite_widget.cpp">
      <Filter>Widgets</Filter>
    </ClCompile>
    <ClCompile Include="src\cnc\mods\common\mod_browser_logic.cpp">
      <Filter>Widgets\Logic</Filter>
    </ClCompile>
    <ClCompile Include="src\cnc\mods\common\shp_td_loader.cpp">
      <Filter>SpriteLoaders</Filter>
    </ClCompile>
    <ClCompile Include="src\cnc\mods\common\lcw_compression.cpp">
      <Filter>FileFormats</Filter>
    </ClCompile>
    <ClCompile Include="src\cnc\mods\common\blank_load_screen.cpp">
      <Filter>LoadScreens</Filter>
    </ClCompile>
    <ClCompile Include="src\cnc\mods\common\tmp_td_loader.cpp">
      <Filter>SpriteLoaders</Filter>
    </ClCompile>
    <ClCompile Include="src\cnc\mods\common\fast_byte_reader.cpp">
      <Filter>FileFormats</Filter>
    </ClCompile>
    <ClCompile Include="src\cnc\mods\common\tmp_ra_loader.cpp">
      <Filter>SpriteLoaders</Filter>
    </ClCompile>
    <ClCompile Include="src\cnc\mods\common\install_logic.cpp">
      <Filter>Widgets\Logic</Filter>
    </ClCompile>
    <ClCompile Include="src\cnc\mods\common\rle_zeros_compression.cpp">
      <Filter>FileFormats</Filter>
    </ClCompile>
    <ClCompile Include="src\cnc\mods\common\shp_ts_loader.cpp">
      <Filter>SpriteLoaders</Filter>
    </ClCompile>
    <ClCompile Include="src\cnc\mods\common\progress_bar_widget.cpp">
      <Filter>Widgets</Filter>
    </ClCompile>
    <ClCompile Include="src\cnc\mods\common\download_packages_logic.cpp">
      <Filter>Widgets\Logic</Filter>
    </ClCompile>
    <ClCompile Include="src\cnc\mods\common\install_utils.cpp" />
  </ItemGroup>
  <ItemGroup>
    <ClInclude Include="src\cnc\mods\common\stdafx.h" />
    <ClInclude Include="src\cnc\mods\common\mod_chooser_load_screen.h">
      <Filter>LoadScreens</Filter>
    </ClInclude>
    <ClInclude Include="src\cnc\mods\common\background_widget.h">
      <Filter>Widgets</Filter>
    </ClInclude>
    <ClInclude Include="src\cnc\mods\common\label_widget.h">
      <Filter>Widgets</Filter>
    </ClInclude>
    <ClInclude Include="src\cnc\mods\common\button_widget.h">
      <Filter>Widgets</Filter>
    </ClInclude>
    <ClInclude Include="src\cnc\mods\common\rgba_sprite_widget.h">
      <Filter>Widgets</Filter>
    </ClInclude>
    <ClInclude Include="src\cnc\mods\common\image_widget.h">
      <Filter>Widgets</Filter>
    </ClInclude>
    <ClInclude Include="src\cnc\mods\common\tooltip_container_widget.h">
      <Filter>Widgets</Filter>
    </ClInclude>
    <ClInclude Include="src\cnc\mods\common\mod_browser_logic.h">
      <Filter>Widgets\Logic</Filter>
    </ClInclude>
    <ClInclude Include="src\cnc\mods\common\shp_td_loader.h">
      <Filter>SpriteLoaders</Filter>
    </ClInclude>
    <ClInclude Include="src\cnc\mods\common\lcw_compression.h">
      <Filter>FileFormats</Filter>
    </ClInclude>
    <ClInclude Include="src\cnc\mods\common\blank_load_screen.h">
      <Filter>LoadScreens</Filter>
    </ClInclude>
    <ClInclude Include="src\cnc\mods\common\cnc_mods_common.h" />
    <ClInclude Include="src\cnc\mods\common\tmp_td_loader.h">
      <Filter>SpriteLoaders</Filter>
    </ClInclude>
    <ClInclude Include="src\cnc\mods\common\shp_ts_loader.h">
      <Filter>SpriteLoaders</Filter>
    </ClInclude>
    <ClInclude Include="src\cnc\mods\common\rle_zeros_compression.h">
      <Filter>FileFormats</Filter>
    </ClInclude>
    <ClInclude Include="src\cnc\mods\common\fast_byte_reader.h">
      <Filter>FileFormats</Filter>
    </ClInclude>
    <ClInclude Include="src\cnc\mods\common\tmp_ra_loader.h">
      <Filter>SpriteLoaders</Filter>
    </ClInclude>
    <ClInclude Include="src\cnc\mods\common\install_logic.h">
      <Filter>Widgets\Logic</Filter>
    </ClInclude>
    <ClInclude Include="src\cnc\mods\common\progress_bar_widget.h">
      <Filter>Widgets</Filter>
    </ClInclude>
    <ClInclude Include="src\cnc\mods\common\download_packages_logic.h">
      <Filter>Widgets\Logic</Filter>
    </ClInclude>
    <ClInclude Include="src\cnc\mods\common\widget_ptrs.h">
      <Filter>Widgets</Filter>
    </ClInclude>
    <ClInclude Include="src\cnc\mods\common\install_utils.h" />
  </ItemGroup>
  <ItemGroup>
    <Filter Include="LoadScreens">
      <UniqueIdentifier>{470697a5-343b-4b11-9aa3-e82220baf12f}</UniqueIdentifier>
    </Filter>
    <Filter Include="Widgets">
      <UniqueIdentifier>{4b23fcaa-f951-49fe-812d-840c447c4205}</UniqueIdentifier>
    </Filter>
    <Filter Include="Widgets\Logic">
      <UniqueIdentifier>{6c26c79f-07ec-4089-a7c3-c333819edecc}</UniqueIdentifier>
    </Filter>
    <Filter Include="SpriteLoaders">
      <UniqueIdentifier>{e1a59277-aaa8-454c-a593-fb333b7c33e1}</UniqueIdentifier>
    </Filter>
    <Filter Include="FileFormats">
      <UniqueIdentifier>{4cc27d25-ae4d-447f-8cbe-b0dace6aced1}</UniqueIdentifier>
    </Filter>
  </ItemGroup>
</Project>