<?xml version="1.0" encoding="utf-8"?>
<Project ToolsVersion="4.0" xmlns="http://schemas.microsoft.com/developer/msbuild/2003">
  <ItemGroup>
    <ClCompile Include="src\cnc\game.cpp" />
    <ClCompile Include="src\cnc\main.cpp" />
    <ClCompile Include="src\cnc\stdafx.cpp" />
    <ClCompile Include="src\cnc\platform.cpp" />
    <ClCompile Include="src\cnc\fatal_exception.cpp" />
    <ClCompile Include="src\cnc\settings.cpp" />
    <ClCompile Include="src\cnc\log.cpp">
      <Filter>support</Filter>
    </ClCompile>
    <ClCompile Include="src\cnc\arguments.cpp">
      <Filter>support</Filter>
    </ClCompile>
    <ClCompile Include="src\cnc\mini_yaml.cpp" />
    <ClCompile Include="src\cnc\string.cpp">
      <Filter>util</Filter>
    </ClCompile>
  </ItemGroup>
  <ItemGroup>
    <ClInclude Include="src\cnc\game.h" />
    <ClInclude Include="src\cnc\stdafx.h" />
    <ClInclude Include="src\cnc\targetver.h" />
    <ClInclude Include="src\cnc\platform.h" />
    <ClInclude Include="src\cnc\fatal_exception.h" />
    <ClInclude Include="src\cnc\settings.h" />
    <ClInclude Include="src\cnc\log.h">
      <Filter>support</Filter>
    </ClInclude>
    <ClInclude Include="src\cnc\arguments.h">
      <Filter>support</Filter>
    </ClInclude>
    <ClInclude Include="src\cnc\mini_yaml.h" />
    <ClInclude Include="src\cnc\string.h">
      <Filter>util</Filter>
    </ClInclude>
  </ItemGroup>
  <ItemGroup>
    <Filter Include="support">
      <UniqueIdentifier>{925f7374-0bb7-405e-a592-179344332b63}</UniqueIdentifier>
    </Filter>
    <Filter Include="util">
      <UniqueIdentifier>{22c9f2ca-06d6-4eed-b7ab-b057b127b4fd}</UniqueIdentifier>
    </Filter>
  </ItemGroup>
</Project>