<?xml version="1.0" encoding="utf-8"?>
<Project ToolsVersion="4.0" xmlns="http://schemas.microsoft.com/developer/msbuild/2003">
  <ItemGroup>
    <ClCompile Include="src\cnc\game.cpp" />
    <ClCompile Include="src\cnc\main.cpp" />
    <ClCompile Include="src\cnc\stdafx.cpp" />
    <ClCompile Include="src\cnc\platform.cpp" />
    <ClCompile Include="src\cnc\fatal_exception.cpp" />
    <ClCompile Include="src\cnc\settings.cpp" />
    <ClCompile Include="src\cnc\log.cpp">
      <Filter>support</Filter>
    </ClCompile>
    <ClCompile Include="src\cnc\arguments.cpp">
      <Filter>support</Filter>
    </ClCompile>
    <ClCompile Include="src\cnc\mini_yaml.cpp" />
    <ClCompile Include="src\cnc\string.cpp">
      <Filter>util</Filter>
    </ClCompile>
    <ClCompile Include="src\cnc\yaml_exception.cpp" />
    <ClCompile Include="src\cnc\field_loader.cpp" />
    <ClCompile Include="src\cnc\debug.cpp" />
    <ClCompile Include="src\cnc\global_file_system.cpp">
      <Filter>file_system</Filter>
    </ClCompile>
    <ClCompile Include="src\cnc\folder.cpp">
      <Filter>file_system</Filter>
    </ClCompile>
    <ClCompile Include="src\cnc\package_entry.cpp">
      <Filter>file_system</Filter>
    </ClCompile>
    <ClCompile Include="src\cnc\renderer.cpp" />
    <ClCompile Include="src\cnc\size.cpp">
      <Filter>primitives</Filter>
    </ClCompile>
    <ClCompile Include="src\cnc\device_factory.cpp">
      <Filter>graphics</Filter>
    </ClCompile>
    <ClCompile Include="src\cnc\igraphics_device.cpp">
      <Filter>graphics</Filter>
    </ClCompile>
    <ClCompile Include="src\cnc\stop_watch.cpp" />
    <ClCompile Include="src\cnc\perf_sample.cpp">
      <Filter>support</Filter>
    </ClCompile>
    <ClCompile Include="src\cnc\perf_history.cpp">
      <Filter>support</Filter>
    </ClCompile>
    <ClCompile Include="src\cnc\perf_item.cpp">
      <Filter>support</Filter>
    </ClCompile>
    <ClCompile Include="src\cnc\sdl2_graphics_device.cpp">
      <Filter>default_platform</Filter>
    </ClCompile>
    <ClCompile Include="src\cnc\error_handler.cpp">
      <Filter>default_platform</Filter>
    </ClCompile>
    <ClCompile Include="src\cnc\thread_affine.cpp">
      <Filter>default_platform</Filter>
    </ClCompile>
    <ClCompile Include="src\cnc\sdl2_input.cpp">
      <Filter>default_platform</Filter>
    </ClCompile>
  </ItemGroup>
  <ItemGroup>
    <ClInclude Include="src\cnc\game.h" />
    <ClInclude Include="src\cnc\stdafx.h" />
    <ClInclude Include="src\cnc\targetver.h" />
    <ClInclude Include="src\cnc\platform.h" />
    <ClInclude Include="src\cnc\fatal_exception.h" />
    <ClInclude Include="src\cnc\settings.h" />
    <ClInclude Include="src\cnc\log.h">
      <Filter>support</Filter>
    </ClInclude>
    <ClInclude Include="src\cnc\arguments.h">
      <Filter>support</Filter>
    </ClInclude>
    <ClInclude Include="src\cnc\mini_yaml.h" />
    <ClInclude Include="src\cnc\string.h">
      <Filter>util</Filter>
    </ClInclude>
    <ClInclude Include="src\cnc\yaml_exception.h" />
    <ClInclude Include="src\cnc\field_loader.h" />
    <ClInclude Include="src\cnc\debug.h" />
    <ClInclude Include="src\cnc\global_file_system.h">
      <Filter>file_system</Filter>
    </ClInclude>
    <ClInclude Include="src\cnc\folder.h">
      <Filter>file_system</Filter>
    </ClInclude>
    <ClInclude Include="src\cnc\package_entry.h">
      <Filter>file_system</Filter>
    </ClInclude>
    <ClInclude Include="src\cnc\renderer.h" />
    <ClInclude Include="src\cnc\size.h">
      <Filter>primitives</Filter>
    </ClInclude>
    <ClInclude Include="src\cnc\igraphics_device.h">
      <Filter>graphics</Filter>
    </ClInclude>
    <ClInclude Include="src\cnc\device_factory.h">
      <Filter>graphics</Filter>
    </ClInclude>
    <ClInclude Include="src\cnc\enum_info.h" />
    <ClInclude Include="src\cnc\stop_watch.h" />
    <ClInclude Include="src\cnc\perf_sample.h">
      <Filter>support</Filter>
    </ClInclude>
    <ClInclude Include="src\cnc\perf_history.h">
      <Filter>support</Filter>
    </ClInclude>
    <ClInclude Include="src\cnc\perf_item.h">
      <Filter>support</Filter>
    </ClInclude>
    <ClInclude Include="src\cnc\iinput_handler.h">
      <Filter>input</Filter>
    </ClInclude>
    <ClInclude Include="src\cnc\sdl2_graphics_device.h">
      <Filter>default_platform</Filter>
    </ClInclude>
    <ClInclude Include="src\cnc\error_handler.h">
      <Filter>default_platform</Filter>
    </ClInclude>
    <ClInclude Include="src\cnc\thread_affine.h">
      <Filter>default_platform</Filter>
    </ClInclude>
    <ClInclude Include="src\cnc\sdl2_input.h">
      <Filter>default_platform</Filter>
    </ClInclude>
    <ClInclude Include="src\cnc\input_handler.h">
      <Filter>input</Filter>
    </ClInclude>
  </ItemGroup>
  <ItemGroup>
    <Filter Include="support">
      <UniqueIdentifier>{925f7374-0bb7-405e-a592-179344332b63}</UniqueIdentifier>
    </Filter>
    <Filter Include="util">
      <UniqueIdentifier>{22c9f2ca-06d6-4eed-b7ab-b057b127b4fd}</UniqueIdentifier>
    </Filter>
    <Filter Include="file_system">
      <UniqueIdentifier>{d3f720a0-b8a9-41fb-aa29-5177e1fdf840}</UniqueIdentifier>
    </Filter>
    <Filter Include="primitives">
      <UniqueIdentifier>{4679c3ee-2987-4806-8a47-d303a6608f39}</UniqueIdentifier>
    </Filter>
    <Filter Include="graphics">
      <UniqueIdentifier>{1be00f4b-2e55-4468-b87c-8a4575bbe38c}</UniqueIdentifier>
    </Filter>
    <Filter Include="input">
      <UniqueIdentifier>{5e54eea4-32ab-4904-9ebb-8cb76b87f16e}</UniqueIdentifier>
    </Filter>
    <Filter Include="default_platform">
      <UniqueIdentifier>{3845912d-286e-4dd7-a345-b18fcc8da631}</UniqueIdentifier>
    </Filter>
  </ItemGroup>
</Project>